
Microsoft Visual Studio Solution File, Format Version 12.00
# Blend for Visual Studio Version 17
VisualStudioVersion = 17.0.31912.275
MinimumVisualStudioVersion = 10.0.40219.1
Project("{F184B08F-C81C-45F6-A57F-5ABD9991F28F}") = "Задание11.2", "Задание11.2\Задание11.2.vbproj", "{B387DF49-5643-41B4-9B18-90D7BCAFCD84}"
EndProject
Global
	GlobalSection(SolutionConfigurationPlatforms) = preSolution
		Debug|Any CPU = Debug|Any CPU
		Release|Any CPU = Release|Any CPU
	EndGlobalSection
	GlobalSection(ProjectConfigurationPlatforms) = postSolution
		{B387DF49-5643-41B4-9B18-90D7BCAFCD84}.Debug|Any CPU.ActiveCfg = Debug|Any CPU
		{B387DF49-5643-41B4-9B18-90D7BCAFCD84}.Debug|Any CPU.Build.0 = Debug|Any CPU
		{B387DF49-5643-41B4-9B18-90D7BCAFCD84}.Release|Any CPU.ActiveCfg = Release|Any CPU
		{B387DF49-5643-41B4-9B18-90D7BCAFCD84}.Release|Any CPU.Build.0 = Release|Any CPU
	EndGlobalSection
	GlobalSection(SolutionProperties) = preSolution
		HideSolutionNode = FALSE
	EndGlobalSection
	GlobalSection(ExtensibilityGlobals) = postSolution
		SolutionGuid = {D404C26E-2CCF-4D47-8D8E-071B95C803A2}
	EndGlobalSection
EndGlobal
